
Microsoft Visual Studio Solution File, Format Version 12.00
# Visual Studio 14
VisualStudioVersion = 14.0.24720.0
MinimumVisualStudioVersion = 10.0.40219.1
Project("{FAE04EC0-301F-11D3-BF4B-00C04F79EFBC}") = "ConsoleApplication2", "ConsoleApplication2\ConsoleApplication2.csproj", "{9276B3C8-AEBB-44C2-9A43-6EEFAFE2300F}"
EndProject
Project("{FAE04EC0-301F-11D3-BF4B-00C04F79EFBC}") = "UnitTestProject1", "UnitTestProject1\UnitTestProject1.csproj", "{044593D1-CF9F-430D-A012-7BBAA1B8CDBF}"
EndProject
Global
	GlobalSection(SolutionConfigurationPlatforms) = preSolution
		Debug|Any CPU = Debug|Any CPU
		Release|Any CPU = Release|Any CPU
	EndGlobalSection
	GlobalSection(ProjectConfigurationPlatforms) = postSolution
		{9276B3C8-AEBB-44C2-9A43-6EEFAFE2300F}.Debug|Any CPU.ActiveCfg = Debug|Any CPU
		{9276B3C8-AEBB-44C2-9A43-6EEFAFE2300F}.Debug|Any CPU.Build.0 = Debug|Any CPU
		{9276B3C8-AEBB-44C2-9A43-6EEFAFE2300F}.Release|Any CPU.ActiveCfg = Release|Any CPU
		{9276B3C8-AEBB-44C2-9A43-6EEFAFE2300F}.Release|Any CPU.Build.0 = Release|Any CPU
		{044593D1-CF9F-430D-A012-7BBAA1B8CDBF}.Debug|Any CPU.ActiveCfg = Debug|Any CPU
		{044593D1-CF9F-430D-A012-7BBAA1B8CDBF}.Debug|Any CPU.Build.0 = Debug|Any CPU
		{044593D1-CF9F-430D-A012-7BBAA1B8CDBF}.Release|Any CPU.ActiveCfg = Release|Any CPU
		{044593D1-CF9F-430D-A012-7BBAA1B8CDBF}.Release|Any CPU.Build.0 = Release|Any CPU
	EndGlobalSection
	GlobalSection(SolutionProperties) = preSolution
		HideSolutionNode = FALSE
	EndGlobalSection
EndGlobal
